
Microsoft Visual Studio Solution File, Format Version 12.00
# Visual Studio 15
VisualStudioVersion = 15.0.28307.168
MinimumVisualStudioVersion = 10.0.40219.1
Project("{FAE04EC0-301F-11D3-BF4B-00C04F79EFBC}") = "3.5.19", "3.5.19\3.5.19.csproj", "{2740EBC7-F792-4EA5-B622-BC19B76F808F}"
EndProject
Global
	GlobalSection(SolutionConfigurationPlatforms) = preSolution
		Debug|Any CPU = Debug|Any CPU
		Release|Any CPU = Release|Any CPU
	EndGlobalSection
	GlobalSection(ProjectConfigurationPlatforms) = postSolution
		{2740EBC7-F792-4EA5-B622-BC19B76F808F}.Debug|Any CPU.ActiveCfg = Debug|Any CPU
		{2740EBC7-F792-4EA5-B622-BC19B76F808F}.Debug|Any CPU.Build.0 = Debug|Any CPU
		{2740EBC7-F792-4EA5-B622-BC19B76F808F}.Release|Any CPU.ActiveCfg = Release|Any CPU
		{2740EBC7-F792-4EA5-B622-BC19B76F808F}.Release|Any CPU.Build.0 = Release|Any CPU
	EndGlobalSection
	GlobalSection(SolutionProperties) = preSolution
		HideSolutionNode = FALSE
	EndGlobalSection
	GlobalSection(ExtensibilityGlobals) = postSolution
		SolutionGuid = {6A1F11FE-1699-4D71-B430-82E51A7BEC1C}
	EndGlobalSection
EndGlobal
